// !$*UTF8*$!
{
	archiveVersion = 1;
	classes = {
	};
	objectVersion = 77;
	objects = {

/* Begin PBXBuildFile section */
		9CA92CDE2D71D7BC0023ADDB /* metamask-ios-sdk in Frameworks */ = {isa = PBXBuildFile; productRef = 9CA92CDD2D71D7BC0023ADDB /* metamask-ios-sdk */; };
		9CAEA3C32D7343F7002798AD /* BigInt in Frameworks */ = {isa = PBXBuildFile; productRef = 9CAEA3C22D7343F7002798AD /* BigInt */; };
/* End PBXBuildFile section */

/* Begin PBXContainerItemProxy section */
		9CA92CC02D71D7720023ADDB /* PBXContainerItemProxy */ = {
			isa = PBXContainerItemProxy;
			containerPortal = 9CA92CA52D71D7720023ADDB /* Project object */;
			proxyType = 1;
			remoteGlobalIDString = 9CA92CAC2D71D7720023ADDB;
			remoteInfo = SoMask;
		};
		9CA92CCA2D71D7720023ADDB /* PBXContainerItemProxy */ = {
			isa = PBXContainerItemProxy;
			containerPortal = 9CA92CA52D71D7720023ADDB /* Project object */;
			proxyType = 1;
			remoteGlobalIDString = 9CA92CAC2D71D7720023ADDB;
			remoteInfo = SoMask;
		};
/* End PBXContainerItemProxy section */

/* Begin PBXFileReference section */
		9CA92CAD2D71D7720023ADDB /* SoMask.app */ = {isa = PBXFileReference; explicitFileType = wrapper.application; includeInIndex = 0; path = SoMask.app; sourceTree = BUILT_PRODUCTS_DIR; };
		9CA92CBF2D71D7720023ADDB /* SoMaskTests.xctest */ = {isa = PBXFileReference; explicitFileType = wrapper.cfbundle; includeInIndex = 0; path = SoMaskTests.xctest; sourceTree = BUILT_PRODUCTS_DIR; };
		9CA92CC92D71D7720023ADDB /* SoMaskUITests.xctest */ = {isa = PBXFileReference; explicitFileType = wrapper.cfbundle; includeInIndex = 0; path = SoMaskUITests.xctest; sourceTree = BUILT_PRODUCTS_DIR; };
/* End PBXFileReference section */

/* Begin PBXFileSystemSynchronizedBuildFileExceptionSet section */
		9C8404512D71E9CA00284A63 /* Exceptions for "SoMask" folder in "SoMask" target */ = {
			isa = PBXFileSystemSynchronizedBuildFileExceptionSet;
			membershipExceptions = (
				Info.plist,
			);
			target = 9CA92CAC2D71D7720023ADDB /* SoMask */;
		};
/* End PBXFileSystemSynchronizedBuildFileExceptionSet section */

/* Begin PBXFileSystemSynchronizedRootGroup section */
		9CA92CAF2D71D7720023ADDB /* SoMask */ = {
			isa = PBXFileSystemSynchronizedRootGroup;
			exceptions = (
				9C8404512D71E9CA00284A63 /* Exceptions for "SoMask" folder in "SoMask" target */,
			);
			path = SoMask;
			sourceTree = "<group>";
		};
		9CA92CC22D71D7720023ADDB /* SoMaskTests */ = {
			isa = PBXFileSystemSynchronizedRootGroup;
			path = SoMaskTests;
			sourceTree = "<group>";
		};
		9CA92CCC2D71D7720023ADDB /* SoMaskUITests */ = {
			isa = PBXFileSystemSynchronizedRootGroup;
			path = SoMaskUITests;
			sourceTree = "<group>";
		};
/* End PBXFileSystemSynchronizedRootGroup section */

/* Begin PBXFrameworksBuildPhase section */
		9CA92CAA2D71D7720023ADDB /* Frameworks */ = {
			isa = PBXFrameworksBuildPhase;
			buildActionMask = 2147483647;
			files = (
				9CA92CDE2D71D7BC0023ADDB /* metamask-ios-sdk in Frameworks */,
				9CAEA3C32D7343F7002798AD /* BigInt in Frameworks */,
			);
			runOnlyForDeploymentPostprocessing = 0;
		};
		9CA92CBC2D71D7720023ADDB /* Frameworks */ = {
			isa = PBXFrameworksBuildPhase;
			buildActionMask = 2147483647;
			files = (
			);
			runOnlyForDeploymentPostprocessing = 0;
		};
		9CA92CC62D71D7720023ADDB /* Frameworks */ = {
			isa = PBXFrameworksBuildPhase;
			buildActionMask = 2147483647;
			files = (
			);
			runOnlyForDeploymentPostprocessing = 0;
		};
/* End PBXFrameworksBuildPhase section */

/* Begin PBXGroup section */
		9CA92CA42D71D7720023ADDB = {
			isa = PBXGroup;
			children = (
				9CA92CAF2D71D7720023ADDB /* SoMask */,
				9CA92CC22D71D7720023ADDB /* SoMaskTests */,
				9CA92CCC2D71D7720023ADDB /* SoMaskUITests */,
				9CA92CAE2D71D7720023ADDB /* Products */,
			);
			sourceTree = "<group>";
		};
		9CA92CAE2D71D7720023ADDB /* Products */ = {
			isa = PBXGroup;
			children = (
				9CA92CAD2D71D7720023ADDB /* SoMask.app */,
				9CA92CBF2D71D7720023ADDB /* SoMaskTests.xctest */,
				9CA92CC92D71D7720023ADDB /* SoMaskUITests.xctest */,
			);
			name = Products;
			sourceTree = "<group>";
		};
/* End PBXGroup section */

/* Begin PBXNativeTarget section */
		9CA92CAC2D71D7720023ADDB /* SoMask */ = {
			isa = PBXNativeTarget;
			buildConfigurationList = 9CA92CD32D71D7720023ADDB /* Build configuration list for PBXNativeTarget "SoMask" */;
			buildPhases = (
				9CA92CA92D71D7720023ADDB /* Sources */,
				9CA92CAA2D71D7720023ADDB /* Frameworks */,
				9CA92CAB2D71D7720023ADDB /* Resources */,
			);
			buildRules = (
			);
			dependencies = (
			);
			fileSystemSynchronizedGroups = (
				9CA92CAF2D71D7720023ADDB /* SoMask */,
			);
			name = SoMask;
			packageProductDependencies = (
				9CA92CDD2D71D7BC0023ADDB /* metamask-ios-sdk */,
				9CAEA3C22D7343F7002798AD /* BigInt */,
			);
			productName = SoMask;
			productReference = 9CA92CAD2D71D7720023ADDB /* SoMask.app */;
			productType = "com.apple.product-type.application";
		};
		9CA92CBE2D71D7720023ADDB /* SoMaskTests */ = {
			isa = PBXNativeTarget;
			buildConfigurationList = 9CA92CD62D71D7720023ADDB /* Build configuration list for PBXNativeTarget "SoMaskTests" */;
			buildPhases = (
				9CA92CBB2D71D7720023ADDB /* Sources */,
				9CA92CBC2D71D7720023ADDB /* Frameworks */,
				9CA92CBD2D71D7720023ADDB /* Resources */,
			);
			buildRules = (
			);
			dependencies = (
				9CA92CC12D71D7720023ADDB /* PBXTargetDependency */,
			);
			fileSystemSynchronizedGroups = (
				9CA92CC22D71D7720023ADDB /* SoMaskTests */,
			);
			name = SoMaskTests;
			packageProductDependencies = (
			);
			productName = SoMaskTests;
			productReference = 9CA92CBF2D71D7720023ADDB /* SoMaskTests.xctest */;
			productType = "com.apple.product-type.bundle.unit-test";
		};
		9CA92CC82D71D7720023ADDB /* SoMaskUITests */ = {
			isa = PBXNativeTarget;
			buildConfigurationList = 9CA92CD92D71D7720023ADDB /* Build configuration list for PBXNativeTarget "SoMaskUITests" */;
			buildPhases = (
				9CA92CC52D71D7720023ADDB /* Sources */,
				9CA92CC62D71D7720023ADDB /* Frameworks */,
				9CA92CC72D71D7720023ADDB /* Resources */,
			);
			buildRules = (
			);
			dependencies = (
				9CA92CCB2D71D7720023ADDB /* PBXTargetDependency */,
			);
			fileSystemSynchronizedGroups = (
				9CA92CCC2D71D7720023ADDB /* SoMaskUITests */,
			);
			name = SoMaskUITests;
			packageProductDependencies = (
			);
			productName = SoMaskUITests;
			productReference = 9CA92CC92D71D7720023ADDB /* SoMaskUITests.xctest */;
			productType = "com.apple.product-type.bundle.ui-testing";
		};
/* End PBXNativeTarget section */

/* Begin PBXProject section */
		9CA92CA52D71D7720023ADDB /* Project object */ = {
			isa = PBXProject;
			attributes = {
				BuildIndependentTargetsInParallel = 1;
				LastSwiftUpdateCheck = 1620;
				LastUpgradeCheck = 1620;
				TargetAttributes = {
					9CA92CAC2D71D7720023ADDB = {
						CreatedOnToolsVersion = 16.2;
					};
					9CA92CBE2D71D7720023ADDB = {
						CreatedOnToolsVersion = 16.2;
						TestTargetID = 9CA92CAC2D71D7720023ADDB;
					};
					9CA92CC82D71D7720023ADDB = {
						CreatedOnToolsVersion = 16.2;
						TestTargetID = 9CA92CAC2D71D7720023ADDB;
					};
				};
			};
			buildConfigurationList = 9CA92CA82D71D7720023ADDB /* Build configuration list for PBXProject "SoMask" */;
			developmentRegion = en;
			hasScannedForEncodings = 0;
			knownRegions = (
				en,
				Base,
			);
			mainGroup = 9CA92CA42D71D7720023ADDB;
			minimizedProjectReferenceProxies = 1;
			packageReferences = (
				9CA92CDC2D71D7BC0023ADDB /* XCRemoteSwiftPackageReference "metamask-ios-sdk" */,
				9CAEA3C12D7343F7002798AD /* XCRemoteSwiftPackageReference "BigInt" */,
			);
			preferredProjectObjectVersion = 77;
			productRefGroup = 9CA92CAE2D71D7720023ADDB /* Products */;
			projectDirPath = "";
			projectRoot = "";
			targets = (
				9CA92CAC2D71D7720023ADDB /* SoMask */,
				9CA92CBE2D71D7720023ADDB /* SoMaskTests */,
				9CA92CC82D71D7720023ADDB /* SoMaskUITests */,
			);
		};
/* End PBXProject section */

/* Begin PBXResourcesBuildPhase section */
		9CA92CAB2D71D7720023ADDB /* Resources */ = {
			isa = PBXResourcesBuildPhase;
			buildActionMask = 2147483647;
			files = (
			);
			runOnlyForDeploymentPostprocessing = 0;
		};
		9CA92CBD2D71D7720023ADDB /* Resources */ = {
			isa = PBXResourcesBuildPhase;
			buildActionMask = 2147483647;
			files = (
			);
			runOnlyForDeploymentPostprocessing = 0;
		};
		9CA92CC72D71D7720023ADDB /* Resources */ = {
			isa = PBXResourcesBuildPhase;
			buildActionMask = 2147483647;
			files = (
			);
			runOnlyForDeploymentPostprocessing = 0;
		};
/* End PBXResourcesBuildPhase section */

/* Begin PBXSourcesBuildPhase section */
		9CA92CA92D71D7720023ADDB /* Sources */ = {
			isa = PBXSourcesBuildPhase;
			buildActionMask = 2147483647;
			files = (
			);
			runOnlyForDeploymentPostprocessing = 0;
		};
		9CA92CBB2D71D7720023ADDB /* Sources */ = {
			isa = PBXSourcesBuildPhase;
			buildActionMask = 2147483647;
			files = (
			);
			runOnlyForDeploymentPostprocessing = 0;
		};
		9CA92CC52D71D7720023ADDB /* Sources */ = {
			isa = PBXSourcesBuildPhase;
			buildActionMask = 2147483647;
			files = (
			);
			runOnlyForDeploymentPostprocessing = 0;
		};
/* End PBXSourcesBuildPhase section */

/* Begin PBXTargetDependency section */
		9CA92CC12D71D7720023ADDB /* PBXTargetDependency */ = {
			isa = PBXTargetDependency;
			target = 9CA92CAC2D71D7720023ADDB /* SoMask */;
			targetProxy = 9CA92CC02D71D7720023ADDB /* PBXContainerItemProxy */;
		};
		9CA92CCB2D71D7720023ADDB /* PBXTargetDependency */ = {
			isa = PBXTargetDependency;
			target = 9CA92CAC2D71D7720023ADDB /* SoMask */;
			targetProxy = 9CA92CCA2D71D7720023ADDB /* PBXContainerItemProxy */;
		};
/* End PBXTargetDependency section */

/* Begin XCBuildConfiguration section */
		9CA92CD12D71D7720023ADDB /* Debug */ = {
			isa = XCBuildConfiguration;
			baseConfigurationReferenceAnchor = 9CA92CAF2D71D7720023ADDB /* SoMask */;
			baseConfigurationReferenceRelativePath = Configuration.xcconfig;
			buildSettings = {
				ALWAYS_SEARCH_USER_PATHS = NO;
				ASSETCATALOG_COMPILER_GENERATE_SWIFT_ASSET_SYMBOL_EXTENSIONS = YES;
				CLANG_ANALYZER_NONNULL = YES;
				CLANG_ANALYZER_NUMBER_OBJECT_CONVERSION = YES_AGGRESSIVE;
				CLANG_CXX_LANGUAGE_STANDARD = "gnu++20";
				CLANG_ENABLE_MODULES = YES;
				CLANG_ENABLE_OBJC_ARC = YES;
				CLANG_ENABLE_OBJC_WEAK = YES;
				CLANG_WARN_BLOCK_CAPTURE_AUTORELEASING = YES;
				CLANG_WARN_BOOL_CONVERSION = YES;
				CLANG_WARN_COMMA = YES;
				CLANG_WARN_CONSTANT_CONVERSION = YES;
				CLANG_WARN_DEPRECATED_OBJC_IMPLEMENTATIONS = YES;
				CLANG_WARN_DIRECT_OBJC_ISA_USAGE = YES_ERROR;
				CLANG_WARN_DOCUMENTATION_COMMENTS = YES;
				CLANG_WARN_EMPTY_BODY = YES;
				CLANG_WARN_ENUM_CONVERSION = YES;
				CLANG_WARN_INFINITE_RECURSION = YES;
				CLANG_WARN_INT_CONVERSION = YES;
				CLANG_WARN_NON_LITERAL_NULL_CONVERSION = YES;
				CLANG_WARN_OBJC_IMPLICIT_RETAIN_SELF = YES;
				CLANG_WARN_OBJC_LITERAL_CONVERSION = YES;
				CLANG_WARN_OBJC_ROOT_CLASS = YES_ERROR;
				CLANG_WARN_QUOTED_INCLUDE_IN_FRAMEWORK_HEADER = YES;
				CLANG_WARN_RANGE_LOOP_ANALYSIS = YES;
				CLANG_WARN_STRICT_PROTOTYPES = YES;
				CLANG_WARN_SUSPICIOUS_MOVE = YES;
				CLANG_WARN_UNGUARDED_AVAILABILITY = YES_AGGRESSIVE;
				CLANG_WARN_UNREACHABLE_CODE = YES;
				CLANG_WARN__DUPLICATE_METHOD_MATCH = YES;
				COPY_PHASE_STRIP = NO;
				DEBUG_INFORMATION_FORMAT = dwarf;
				ENABLE_STRICT_OBJC_MSGSEND = YES;
				ENABLE_TESTABILITY = YES;
				ENABLE_USER_SCRIPT_SANDBOXING = YES;
				GCC_C_LANGUAGE_STANDARD = gnu17;
				GCC_DYNAMIC_NO_PIC = NO;
				GCC_NO_COMMON_BLOCKS = YES;
				GCC_OPTIMIZATION_LEVEL = 0;
				GCC_PREPROCESSOR_DEFINITIONS = (
					"DEBUG=1",
					"$(inherited)",
				);
				GCC_WARN_64_TO_32_BIT_CONVERSION = YES;
				GCC_WARN_ABOUT_RETURN_TYPE = YES_ERROR;
				GCC_WARN_UNDECLARED_SELECTOR = YES;
				GCC_WARN_UNINITIALIZED_AUTOS = YES_AGGRESSIVE;
				GCC_WARN_UNUSED_FUNCTION = YES;
				GCC_WARN_UNUSED_VARIABLE = YES;
				IPHONEOS_DEPLOYMENT_TARGET = 18.2;
				LOCALIZATION_PREFERS_STRING_CATALOGS = YES;
				MTL_ENABLE_DEBUG_INFO = INCLUDE_SOURCE;
				MTL_FAST_MATH = YES;
				ONLY_ACTIVE_ARCH = YES;
				SDKROOT = iphoneos;
				SWIFT_ACTIVE_COMPILATION_CONDITIONS = "DEBUG $(inherited)";
				SWIFT_OPTIMIZATION_LEVEL = "-Onone";
			};
			name = Debug;
		};
		9CA92CD22D71D7720023ADDB /* Release */ = {
			isa = XCBuildConfiguration;
			baseConfigurationReferenceAnchor = 9CA92CAF2D71D7720023ADDB /* SoMask */;
			baseConfigurationReferenceRelativePath = Configuration.xcconfig;
			buildSettings = {
				ALWAYS_SEARCH_USER_PATHS = NO;
				ASSETCATALOG_COMPILER_GENERATE_SWIFT_ASSET_SYMBOL_EXTENSIONS = YES;
				CLANG_ANALYZER_NONNULL = YES;
				CLANG_ANALYZER_NUMBER_OBJECT_CONVERSION = YES_AGGRESSIVE;
				CLANG_CXX_LANGUAGE_STANDARD = "gnu++20";
				CLANG_ENABLE_MODULES = YES;
				CLANG_ENABLE_OBJC_ARC = YES;
				CLANG_ENABLE_OBJC_WEAK = YES;
				CLANG_WARN_BLOCK_CAPTURE_AUTORELEASING = YES;
				CLANG_WARN_BOOL_CONVERSION = YES;
				CLANG_WARN_COMMA = YES;
				CLANG_WARN_CONSTANT_CONVERSION = YES;
				CLANG_WARN_DEPRECATED_OBJC_IMPLEMENTATIONS = YES;
				CLANG_WARN_DIRECT_OBJC_ISA_USAGE = YES_ERROR;
				CLANG_WARN_DOCUMENTATION_COMMENTS = YES;
				CLANG_WARN_EMPTY_BODY = YES;
				CLANG_WARN_ENUM_CONVERSION = YES;
				CLANG_WARN_INFINITE_RECURSION = YES;
				CLANG_WARN_INT_CONVERSION = YES;
				CLANG_WARN_NON_LITERAL_NULL_CONVERSION = YES;
				CLANG_WARN_OBJC_IMPLICIT_RETAIN_SELF = YES;
				CLANG_WARN_OBJC_LITERAL_CONVERSION = YES;
				CLANG_WARN_OBJC_ROOT_CLASS = YES_ERROR;
				CLANG_WARN_QUOTED_INCLUDE_IN_FRAMEWORK_HEADER = YES;
				CLANG_WARN_RANGE_LOOP_ANALYSIS = YES;
				CLANG_WARN_STRICT_PROTOTYPES = YES;
				CLANG_WARN_SUSPICIOUS_MOVE = YES;
				CLANG_WARN_UNGUARDED_AVAILABILITY = YES_AGGRESSIVE;
				CLANG_WARN_UNREACHABLE_CODE = YES;
				CLANG_WARN__DUPLICATE_METHOD_MATCH = YES;
				COPY_PHASE_STRIP = NO;
				DEBUG_INFORMATION_FORMAT = "dwarf-with-dsym";
				ENABLE_NS_ASSERTIONS = NO;
				ENABLE_STRICT_OBJC_MSGSEND = YES;
				ENABLE_USER_SCRIPT_SANDBOXING = YES;
				GCC_C_LANGUAGE_STANDARD = gnu17;
				GCC_NO_COMMON_BLOCKS = YES;
				GCC_WARN_64_TO_32_BIT_CONVERSION = YES;
				GCC_WARN_ABOUT_RETURN_TYPE = YES_ERROR;
				GCC_WARN_UNDECLARED_SELECTOR = YES;
				GCC_WARN_UNINITIALIZED_AUTOS = YES_AGGRESSIVE;
				GCC_WARN_UNUSED_FUNCTION = YES;
				GCC_WARN_UNUSED_VARIABLE = YES;
				IPHONEOS_DEPLOYMENT_TARGET = 18.2;
				LOCALIZATION_PREFERS_STRING_CATALOGS = YES;
				MTL_ENABLE_DEBUG_INFO = NO;
				MTL_FAST_MATH = YES;
				SDKROOT = iphoneos;
				SWIFT_COMPILATION_MODE = wholemodule;
				VALIDATE_PRODUCT = YES;
			};
			name = Release;
		};
		9CA92CD42D71D7720023ADDB /* Debug */ = {
			isa = XCBuildConfiguration;
			buildSettings = {
				ASSETCATALOG_COMPILER_APPICON_NAME = AppIcon;
				ASSETCATALOG_COMPILER_GLOBAL_ACCENT_COLOR_NAME = AccentColor;
				CODE_SIGN_STYLE = Automatic;
				CURRENT_PROJECT_VERSION = 1;
				DEVELOPMENT_ASSET_PATHS = "\"SoMask/Preview Content\"";
				DEVELOPMENT_TEAM = 8HFVF66PA9;
				ENABLE_PREVIEWS = YES;
				GENERATE_INFOPLIST_FILE = YES;
				INFOPLIST_FILE = SoMask/Info.plist;
				INFOPLIST_KEY_UIApplicationSceneManifest_Generation = YES;
				INFOPLIST_KEY_UIApplicationSupportsIndirectInputEvents = YES;
				INFOPLIST_KEY_UILaunchScreen_Generation = YES;
				INFOPLIST_KEY_UISupportedInterfaceOrientations_iPad = "UIInterfaceOrientationPortrait UIInterfaceOrientationPortraitUpsideDown UIInterfaceOrientationLandscapeLeft UIInterfaceOrientationLandscapeRight";
				INFOPLIST_KEY_UISupportedInterfaceOrientations_iPhone = "UIInterfaceOrientationPortrait UIInterfaceOrientationLandscapeLeft UIInterfaceOrientationLandscapeRight";
				LD_RUNPATH_SEARCH_PATHS = (
					"$(inherited)",
					"@executable_path/Frameworks",
				);
				MARKETING_VERSION = 1.0;
				PRODUCT_BUNDLE_IDENTIFIER = Soliton.SoMask;
				PRODUCT_NAME = "$(TARGET_NAME)";
				SWIFT_EMIT_LOC_STRINGS = YES;
				SWIFT_VERSION = 5.0;
				TARGETED_DEVICE_FAMILY = "1,2";
			};
			name = Debug;
		};
		9CA92CD52D71D7720023ADDB /* Release */ = {
			isa = XCBuildConfiguration;
			buildSettings = {
				ASSETCATALOG_COMPILER_APPICON_NAME = AppIcon;
				ASSETCATALOG_COMPILER_GLOBAL_ACCENT_COLOR_NAME = AccentColor;
				CODE_SIGN_STYLE = Automatic;
				CURRENT_PROJECT_VERSION = 1;
				DEVELOPMENT_ASSET_PATHS = "\"SoMask/Preview Content\"";
				DEVELOPMENT_TEAM = 8HFVF66PA9;
				ENABLE_PREVIEWS = YES;
				GENERATE_INFOPLIST_FILE = YES;
				INFOPLIST_FILE = SoMask/Info.plist;
				INFOPLIST_KEY_UIApplicationSceneManifest_Generation = YES;
				INFOPLIST_KEY_UIApplicationSupportsIndirectInputEvents = YES;
				INFOPLIST_KEY_UILaunchScreen_Generation = YES;
				INFOPLIST_KEY_UISupportedInterfaceOrientations_iPad = "UIInterfaceOrientationPortrait UIInterfaceOrientationPortraitUpsideDown UIInterfaceOrientationLandscapeLeft UIInterfaceOrientationLandscapeRight";
				INFOPLIST_KEY_UISupportedInterfaceOrientations_iPhone = "UIInterfaceOrientationPortrait UIInterfaceOrientationLandscapeLeft UIInterfaceOrientationLandscapeRight";
				LD_RUNPATH_SEARCH_PATHS = (
					"$(inherited)",
					"@executable_path/Frameworks",
				);
				MARKETING_VERSION = 1.0;
				PRODUCT_BUNDLE_IDENTIFIER = Soliton.SoMask;
				PRODUCT_NAME = "$(TARGET_NAME)";
				SWIFT_EMIT_LOC_STRINGS = YES;
				SWIFT_VERSION = 5.0;
				TARGETED_DEVICE_FAMILY = "1,2";
			};
			name = Release;
		};
		9CA92CD72D71D7720023ADDB /* Debug */ = {
			isa = XCBuildConfiguration;
			buildSettings = {
				BUNDLE_LOADER = "$(TEST_HOST)";
				CODE_SIGN_STYLE = Automatic;
				CURRENT_PROJECT_VERSION = 1;
				DEVELOPMENT_TEAM = 8HFVF66PA9;
				GENERATE_INFOPLIST_FILE = YES;
				IPHONEOS_DEPLOYMENT_TARGET = 18.2;
				MARKETING_VERSION = 1.0;
				PRODUCT_BUNDLE_IDENTIFIER = Soliton.SoMaskTests;
				PRODUCT_NAME = "$(TARGET_NAME)";
				SWIFT_EMIT_LOC_STRINGS = NO;
				SWIFT_VERSION = 5.0;
				TARGETED_DEVICE_FAMILY = "1,2";
				TEST_HOST = "$(BUILT_PRODUCTS_DIR)/SoMask.app/$(BUNDLE_EXECUTABLE_FOLDER_PATH)/SoMask";
			};
			name = Debug;
		};
		9CA92CD82D71D7720023ADDB /* Release */ = {
			isa = XCBuildConfiguration;
			buildSettings = {
				BUNDLE_LOADER = "$(TEST_HOST)";
				CODE_SIGN_STYLE = Automatic;
				CURRENT_PROJECT_VERSION = 1;
				DEVELOPMENT_TEAM = 8HFVF66PA9;
				GENERATE_INFOPLIST_FILE = YES;
				IPHONEOS_DEPLOYMENT_TARGET = 18.2;
				MARKETING_VERSION = 1.0;
				PRODUCT_BUNDLE_IDENTIFIER = Soliton.SoMaskTests;
				PRODUCT_NAME = "$(TARGET_NAME)";
				SWIFT_EMIT_LOC_STRINGS = NO;
				SWIFT_VERSION = 5.0;
				TARGETED_DEVICE_FAMILY = "1,2";
				TEST_HOST = "$(BUILT_PRODUCTS_DIR)/SoMask.app/$(BUNDLE_EXECUTABLE_FOLDER_PATH)/SoMask";
			};
			name = Release;
		};
		9CA92CDA2D71D7720023ADDB /* Debug */ = {
			isa = XCBuildConfiguration;
			buildSettings = {
				CODE_SIGN_STYLE = Automatic;
				CURRENT_PROJECT_VERSION = 1;
				DEVELOPMENT_TEAM = 8HFVF66PA9;
				GENERATE_INFOPLIST_FILE = YES;
				MARKETING_VERSION = 1.0;
				PRODUCT_BUNDLE_IDENTIFIER = Soliton.SoMaskUITests;
				PRODUCT_NAME = "$(TARGET_NAME)";
				SWIFT_EMIT_LOC_STRINGS = NO;
				SWIFT_VERSION = 5.0;
				TARGETED_DEVICE_FAMILY = "1,2";
				TEST_TARGET_NAME = SoMask;
			};
			name = Debug;
		};
		9CA92CDB2D71D7720023ADDB /* Release */ = {
			isa = XCBuildConfiguration;
			buildSettings = {
				CODE_SIGN_STYLE = Automatic;
				CURRENT_PROJECT_VERSION = 1;
				DEVELOPMENT_TEAM = 8HFVF66PA9;
				GENERATE_INFOPLIST_FILE = YES;
				MARKETING_VERSION = 1.0;
				PRODUCT_BUNDLE_IDENTIFIER = Soliton.SoMaskUITests;
				PRODUCT_NAME = "$(TARGET_NAME)";
				SWIFT_EMIT_LOC_STRINGS = NO;
				SWIFT_VERSION = 5.0;
				TARGETED_DEVICE_FAMILY = "1,2";
				TEST_TARGET_NAME = SoMask;
			};
			name = Release;
		};
/* End XCBuildConfiguration section */

/* Begin XCConfigurationList section */
		9CA92CA82D71D7720023ADDB /* Build configuration list for PBXProject "SoMask" */ = {
			isa = XCConfigurationList;
			buildConfigurations = (
				9CA92CD12D71D7720023ADDB /* Debug */,
				9CA92CD22D71D7720023ADDB /* Release */,
			);
			defaultConfigurationIsVisible = 0;
			defaultConfigurationName = Release;
		};
		9CA92CD32D71D7720023ADDB /* Build configuration list for PBXNativeTarget "SoMask" */ = {
			isa = XCConfigurationList;
			buildConfigurations = (
				9CA92CD42D71D7720023ADDB /* Debug */,
				9CA92CD52D71D7720023ADDB /* Release */,
			);
			defaultConfigurationIsVisible = 0;
			defaultConfigurationName = Release;
		};
		9CA92CD62D71D7720023ADDB /* Build configuration list for PBXNativeTarget "SoMaskTests" */ = {
			isa = XCConfigurationList;
			buildConfigurations = (
				9CA92CD72D71D7720023ADDB /* Debug */,
				9CA92CD82D71D7720023ADDB /* Release */,
			);
			defaultConfigurationIsVisible = 0;
			defaultConfigurationName = Release;
		};
		9CA92CD92D71D7720023ADDB /* Build configuration list for PBXNativeTarget "SoMaskUITests" */ = {
			isa = XCConfigurationList;
			buildConfigurations = (
				9CA92CDA2D71D7720023ADDB /* Debug */,
				9CA92CDB2D71D7720023ADDB /* Release */,
			);
			defaultConfigurationIsVisible = 0;
			defaultConfigurationName = Release;
		};
/* End XCConfigurationList section */

/* Begin XCRemoteSwiftPackageReference section */
		9CA92CDC2D71D7BC0023ADDB /* XCRemoteSwiftPackageReference "metamask-ios-sdk" */ = {
			isa = XCRemoteSwiftPackageReference;
			repositoryURL = "https://github.com/MetaMask/metamask-ios-sdk";
			requirement = {
				kind = upToNextMajorVersion;
				minimumVersion = 0.8.10;
			};
		};
		9CAEA3C12D7343F7002798AD /* XCRemoteSwiftPackageReference "BigInt" */ = {
			isa = XCRemoteSwiftPackageReference;
			repositoryURL = "https://github.com/attaswift/BigInt";
			requirement = {
				kind = upToNextMajorVersion;
				minimumVersion = 5.1.0;
			};
		};
/* End XCRemoteSwiftPackageReference section */

/* Begin XCSwiftPackageProductDependency section */
		9CA92CDD2D71D7BC0023ADDB /* metamask-ios-sdk */ = {
			isa = XCSwiftPackageProductDependency;
			package = 9CA92CDC2D71D7BC0023ADDB /* XCRemoteSwiftPackageReference "metamask-ios-sdk" */;
			productName = "metamask-ios-sdk";
		};
		9CAEA3C22D7343F7002798AD /* BigInt */ = {
			isa = XCSwiftPackageProductDependency;
			package = 9CAEA3C12D7343F7002798AD /* XCRemoteSwiftPackageReference "BigInt" */;
			productName = BigInt;
		};
/* End XCSwiftPackageProductDependency section */
	};
	rootObject = 9CA92CA52D71D7720023ADDB /* Project object */;
}
